
Microsoft Visual Studio Solution File, Format Version 12.00
# Visual Studio 15
VisualStudioVersion = 15.0.27703.2042
MinimumVisualStudioVersion = 10.0.40219.1
Project("{9A19103F-16F7-4668-BE54-9A1E7A4F7556}") = "WebEoc", "WebApp\WebEoc\WebEoc.csproj", "{272B614B-1B49-4AB9-9F68-228216ECE7B1}"
EndProject
Project("{2150E333-8FDC-42A3-9474-1A3956D46DE8}") = "WebApp", "WebApp", "{C1A3BD03-14CD-4CF5-9C1B-A27BB2783880}"
EndProject
Project("{2150E333-8FDC-42A3-9474-1A3956D46DE8}") = "Services", "Services", "{4A719B74-5DFB-4304-8E62-B0BAFFCD3210}"
EndProject
Project("{2150E333-8FDC-42A3-9474-1A3956D46DE8}") = "Identity", "Identity", "{3DC64016-19F0-4935-B67E-69155FED1737}"
EndProject
Project("{2150E333-8FDC-42A3-9474-1A3956D46DE8}") = "SharedBlocks", "SharedBlocks", "{2D9E5468-00CB-4D48-8564-27D2477A2E76}"
EndProject
Project("{2150E333-8FDC-42A3-9474-1A3956D46DE8}") = "Utils", "Utils", "{C9E8A7D0-92D0-439F-8413-D93D6A32302B}"
EndProject
Project("{9A19103F-16F7-4668-BE54-9A1E7A4F7556}") = "Hexagon.Util", "BuildingBlocks\Hexagon.Util\Hexagon.Util.csproj", "{09410CB8-D3F3-4224-A241-6E9879A075A7}"
EndProject
Project("{2150E333-8FDC-42A3-9474-1A3956D46DE8}") = "Data", "Data", "{0BCD0474-918F-4B3F-B509-272A9300AF3E}"
EndProject
Project("{2150E333-8FDC-42A3-9474-1A3956D46DE8}") = "Service", "Service", "{3E504597-8D06-4DEC-B015-A768FE3514B3}"
EndProject
Project("{9A19103F-16F7-4668-BE54-9A1E7A4F7556}") = "Hexagon.Data", "BuildingBlocks\Hexagon.Data\Hexagon.Data.csproj", "{D653B12B-6804-4C9A-9AD3-25F51BF03493}"
EndProject
Project("{9A19103F-16F7-4668-BE54-9A1E7A4F7556}") = "Hexagon.Data.DataAccess", "BuildingBlocks\Hexagon.Data.DataAccess\Hexagon.Data.DataAccess.csproj", "{03B63ABA-70FC-49E8-9BEB-78605CFF1E8E}"
EndProject
Project("{9A19103F-16F7-4668-BE54-9A1E7A4F7556}") = "Hexagon.Data.Repository", "BuildingBlocks\Hexagon.Data.Repository\Hexagon.Data.Repository.csproj", "{09FBC2D3-FDFB-464F-A6A1-04373E874ED9}"
EndProject
Project("{9A19103F-16F7-4668-BE54-9A1E7A4F7556}") = "Hexagon.IService", "BuildingBlocks\Hexagon.IService\Hexagon.IService.csproj", "{F750350A-69EE-49D1-9ECF-BE3671012BF0}"
EndProject
Project("{FAE04EC0-301F-11D3-BF4B-00C04F79EFBC}") = "Hexagon.IdentityServer", "Services\Identity\Hexagon.IdentityServer\Hexagon.IdentityServer.csproj", "{0247135E-213C-4A24-9F9F-EA5DBE4265F5}"
EndProject
Project("{9A19103F-16F7-4668-BE54-9A1E7A4F7556}") = "Hexagon.Service", "BuildingBlocks\Hexagon.Service\Hexagon.Service.csproj", "{74930AEE-40DA-4680-90CC-01E0B275782B}"
EndProject
Global
	GlobalSection(SolutionConfigurationPlatforms) = preSolution
		Debug|Any CPU = Debug|Any CPU
		Release|Any CPU = Release|Any CPU
	EndGlobalSection
	GlobalSection(ProjectConfigurationPlatforms) = postSolution
		{272B614B-1B49-4AB9-9F68-228216ECE7B1}.Debug|Any CPU.ActiveCfg = Debug|Any CPU
		{272B614B-1B49-4AB9-9F68-228216ECE7B1}.Debug|Any CPU.Build.0 = Debug|Any CPU
		{272B614B-1B49-4AB9-9F68-228216ECE7B1}.Release|Any CPU.ActiveCfg = Release|Any CPU
		{272B614B-1B49-4AB9-9F68-228216ECE7B1}.Release|Any CPU.Build.0 = Release|Any CPU
		{09410CB8-D3F3-4224-A241-6E9879A075A7}.Debug|Any CPU.ActiveCfg = Debug|Any CPU
		{09410CB8-D3F3-4224-A241-6E9879A075A7}.Debug|Any CPU.Build.0 = Debug|Any CPU
		{09410CB8-D3F3-4224-A241-6E9879A075A7}.Release|Any CPU.ActiveCfg = Release|Any CPU
		{09410CB8-D3F3-4224-A241-6E9879A075A7}.Release|Any CPU.Build.0 = Release|Any CPU
		{D653B12B-6804-4C9A-9AD3-25F51BF03493}.Debug|Any CPU.ActiveCfg = Debug|Any CPU
		{D653B12B-6804-4C9A-9AD3-25F51BF03493}.Debug|Any CPU.Build.0 = Debug|Any CPU
		{D653B12B-6804-4C9A-9AD3-25F51BF03493}.Release|Any CPU.ActiveCfg = Release|Any CPU
		{D653B12B-6804-4C9A-9AD3-25F51BF03493}.Release|Any CPU.Build.0 = Release|Any CPU
		{03B63ABA-70FC-49E8-9BEB-78605CFF1E8E}.Debug|Any CPU.ActiveCfg = Debug|Any CPU
		{03B63ABA-70FC-49E8-9BEB-78605CFF1E8E}.Debug|Any CPU.Build.0 = Debug|Any CPU
		{03B63ABA-70FC-49E8-9BEB-78605CFF1E8E}.Release|Any CPU.ActiveCfg = Release|Any CPU
		{03B63ABA-70FC-49E8-9BEB-78605CFF1E8E}.Release|Any CPU.Build.0 = Release|Any CPU
		{09FBC2D3-FDFB-464F-A6A1-04373E874ED9}.Debug|Any CPU.ActiveCfg = Debug|Any CPU
		{09FBC2D3-FDFB-464F-A6A1-04373E874ED9}.Debug|Any CPU.Build.0 = Debug|Any CPU
		{09FBC2D3-FDFB-464F-A6A1-04373E874ED9}.Release|Any CPU.ActiveCfg = Release|Any CPU
		{09FBC2D3-FDFB-464F-A6A1-04373E874ED9}.Release|Any CPU.Build.0 = Release|Any CPU
		{F750350A-69EE-49D1-9ECF-BE3671012BF0}.Debug|Any CPU.ActiveCfg = Debug|Any CPU
		{F750350A-69EE-49D1-9ECF-BE3671012BF0}.Debug|Any CPU.Build.0 = Debug|Any CPU
		{F750350A-69EE-49D1-9ECF-BE3671012BF0}.Release|Any CPU.ActiveCfg = Release|Any CPU
		{F750350A-69EE-49D1-9ECF-BE3671012BF0}.Release|Any CPU.Build.0 = Release|Any CPU
		{0247135E-213C-4A24-9F9F-EA5DBE4265F5}.Debug|Any CPU.ActiveCfg = Debug|Any CPU
		{0247135E-213C-4A24-9F9F-EA5DBE4265F5}.Debug|Any CPU.Build.0 = Debug|Any CPU
		{0247135E-213C-4A24-9F9F-EA5DBE4265F5}.Release|Any CPU.ActiveCfg = Release|Any CPU
		{0247135E-213C-4A24-9F9F-EA5DBE4265F5}.Release|Any CPU.Build.0 = Release|Any CPU
		{74930AEE-40DA-4680-90CC-01E0B275782B}.Debug|Any CPU.ActiveCfg = Debug|Any CPU
		{74930AEE-40DA-4680-90CC-01E0B275782B}.Debug|Any CPU.Build.0 = Debug|Any CPU
		{74930AEE-40DA-4680-90CC-01E0B275782B}.Release|Any CPU.ActiveCfg = Release|Any CPU
		{74930AEE-40DA-4680-90CC-01E0B275782B}.Release|Any CPU.Build.0 = Release|Any CPU
	EndGlobalSection
	GlobalSection(SolutionProperties) = preSolution
		HideSolutionNode = FALSE
	EndGlobalSection
	GlobalSection(NestedProjects) = preSolution
		{272B614B-1B49-4AB9-9F68-228216ECE7B1} = {C1A3BD03-14CD-4CF5-9C1B-A27BB2783880}
		{3DC64016-19F0-4935-B67E-69155FED1737} = {4A719B74-5DFB-4304-8E62-B0BAFFCD3210}
		{C9E8A7D0-92D0-439F-8413-D93D6A32302B} = {2D9E5468-00CB-4D48-8564-27D2477A2E76}
		{09410CB8-D3F3-4224-A241-6E9879A075A7} = {C9E8A7D0-92D0-439F-8413-D93D6A32302B}
		{0BCD0474-918F-4B3F-B509-272A9300AF3E} = {2D9E5468-00CB-4D48-8564-27D2477A2E76}
		{3E504597-8D06-4DEC-B015-A768FE3514B3} = {2D9E5468-00CB-4D48-8564-27D2477A2E76}
		{D653B12B-6804-4C9A-9AD3-25F51BF03493} = {0BCD0474-918F-4B3F-B509-272A9300AF3E}
		{03B63ABA-70FC-49E8-9BEB-78605CFF1E8E} = {0BCD0474-918F-4B3F-B509-272A9300AF3E}
		{09FBC2D3-FDFB-464F-A6A1-04373E874ED9} = {0BCD0474-918F-4B3F-B509-272A9300AF3E}
		{F750350A-69EE-49D1-9ECF-BE3671012BF0} = {3E504597-8D06-4DEC-B015-A768FE3514B3}
		{0247135E-213C-4A24-9F9F-EA5DBE4265F5} = {3DC64016-19F0-4935-B67E-69155FED1737}
		{74930AEE-40DA-4680-90CC-01E0B275782B} = {3E504597-8D06-4DEC-B015-A768FE3514B3}
	EndGlobalSection
	GlobalSection(ExtensibilityGlobals) = postSolution
		SolutionGuid = {7954B083-1896-4FF2-AD89-386558639694}
	EndGlobalSection
EndGlobal
